
Microsoft Visual Studio Solution File, Format Version 12.00
# Visual Studio 15
VisualStudioVersion = 15.0.26730.12
MinimumVisualStudioVersion = 10.0.40219.1
Project("{FAE04EC0-301F-11D3-BF4B-00C04F79EFBC}") = "Snake", "Snake\Snake.csproj", "{E66330E4-9612-4E38-8860-8C32E476AEFE}"
EndProject
Global
	GlobalSection(SolutionConfigurationPlatforms) = preSolution
		Debug|Any CPU = Debug|Any CPU
		Release|Any CPU = Release|Any CPU
	EndGlobalSection
	GlobalSection(ProjectConfigurationPlatforms) = postSolution
		{E66330E4-9612-4E38-8860-8C32E476AEFE}.Debug|Any CPU.ActiveCfg = Debug|Any CPU
		{E66330E4-9612-4E38-8860-8C32E476AEFE}.Debug|Any CPU.Build.0 = Debug|Any CPU
		{E66330E4-9612-4E38-8860-8C32E476AEFE}.Release|Any CPU.ActiveCfg = Release|Any CPU
		{E66330E4-9612-4E38-8860-8C32E476AEFE}.Release|Any CPU.Build.0 = Release|Any CPU
	EndGlobalSection
	GlobalSection(SolutionProperties) = preSolution
		HideSolutionNode = FALSE
	EndGlobalSection
	GlobalSection(ExtensibilityGlobals) = postSolution
		SolutionGuid = {C4445B80-4F0E-4F89-92BE-4A7EC3141959}
	EndGlobalSection
EndGlobal
